
Microsoft Visual Studio Solution File, Format Version 12.00
# Visual Studio Version 17
VisualStudioVersion = 17.2.32630.192
MinimumVisualStudioVersion = 10.0.40219.1
Project("{FAE04EC0-301F-11D3-BF4B-00C04F79EFBC}") = "TextToSpeak", "TextToSpeak\TextToSpeak.csproj", "{639C3911-34DE-44ED-A49B-C9DF653DFA61}"
EndProject
Global
	GlobalSection(SolutionConfigurationPlatforms) = preSolution
		Debug|Any CPU = Debug|Any CPU
		Release|Any CPU = Release|Any CPU
	EndGlobalSection
	GlobalSection(ProjectConfigurationPlatforms) = postSolution
		{639C3911-34DE-44ED-A49B-C9DF653DFA61}.Debug|Any CPU.ActiveCfg = Debug|Any CPU
		{639C3911-34DE-44ED-A49B-C9DF653DFA61}.Debug|Any CPU.Build.0 = Debug|Any CPU
		{639C3911-34DE-44ED-A49B-C9DF653DFA61}.Release|Any CPU.ActiveCfg = Release|Any CPU
		{639C3911-34DE-44ED-A49B-C9DF653DFA61}.Release|Any CPU.Build.0 = Release|Any CPU
	EndGlobalSection
	GlobalSection(SolutionProperties) = preSolution
		HideSolutionNode = FALSE
	EndGlobalSection
	GlobalSection(ExtensibilityGlobals) = postSolution
		SolutionGuid = {E0D691C4-41F2-445F-B99B-6BFED98C6623}
	EndGlobalSection
EndGlobal
